// !$*UTF8*$!
{
	archiveVersion = 1;
	classes = {
	};
	objectVersion = 50;
	objects = {

/* Begin PBXBuildFile section */
		5CD10089E11D1D2CEF720D69 /* Pods_NyamNyam.framework in Frameworks */ = {isa = PBXBuildFile; fileRef = 1E6D168C6661331565482B7B /* Pods_NyamNyam.framework */; };
		6EF27EBA221CFDB500F34E72 /* AppDelegate.swift in Sources */ = {isa = PBXBuildFile; fileRef = 6EF27EB9221CFDB500F34E72 /* AppDelegate.swift */; };
		6EF27EBF221CFDB600F34E72 /* Main.storyboard in Resources */ = {isa = PBXBuildFile; fileRef = 6EF27EBD221CFDB600F34E72 /* Main.storyboard */; };
		6EF27EC4221CFDB700F34E72 /* LaunchScreen.storyboard in Resources */ = {isa = PBXBuildFile; fileRef = 6EF27EC2221CFDB700F34E72 /* LaunchScreen.storyboard */; };
		B40085072244AE0F000B3DEA /* MapCVC.swift in Sources */ = {isa = PBXBuildFile; fileRef = B40085062244AE0F000B3DEA /* MapCVC.swift */; };
		B400850D2244AE7A000B3DEA /* MapVCCell.swift in Sources */ = {isa = PBXBuildFile; fileRef = B400850B2244AE7A000B3DEA /* MapVCCell.swift */; };
		B400850E2244AE7A000B3DEA /* MapVCCell.xib in Resources */ = {isa = PBXBuildFile; fileRef = B400850C2244AE7A000B3DEA /* MapVCCell.xib */; };
		B4008510224539AC000B3DEA /* DetailMapVC.swift in Sources */ = {isa = PBXBuildFile; fileRef = B400850F224539AC000B3DEA /* DetailMapVC.swift */; };
		B41352FA223957120060C993 /* FoodsVCCell.swift in Sources */ = {isa = PBXBuildFile; fileRef = B41352F8223957120060C993 /* FoodsVCCell.swift */; };
		B41352FB223957120060C993 /* FoodsVCCell.xib in Resources */ = {isa = PBXBuildFile; fileRef = B41352F9223957120060C993 /* FoodsVCCell.xib */; };
		B41352FE223961510060C993 /* FoodsVC.swift in Sources */ = {isa = PBXBuildFile; fileRef = B41352FD223961510060C993 /* FoodsVC.swift */; };
		B417E225224B1EC000E13D74 /* Login.storyboard in Resources */ = {isa = PBXBuildFile; fileRef = B417E224224B1EC000E13D74 /* Login.storyboard */; };
		B417E228224B1F1B00E13D74 /* Constant.swift in Sources */ = {isa = PBXBuildFile; fileRef = B417E227224B1F1B00E13D74 /* Constant.swift */; };
		B429F278222E3E26000033EC /* MenuVC.swift in Sources */ = {isa = PBXBuildFile; fileRef = B429F277222E3E26000033EC /* MenuVC.swift */; };
		B429F27C222E665C000033EC /* MenuCell.swift in Sources */ = {isa = PBXBuildFile; fileRef = B429F27B222E665C000033EC /* MenuCell.swift */; };
		B43B8846224BD54300532220 /* IQUITextFieldView+Additions.swift in Sources */ = {isa = PBXBuildFile; fileRef = B43B8841224BD54200532220 /* IQUITextFieldView+Additions.swift */; };
		B43B8847224BD54300532220 /* IQUIScrollView+Additions.swift in Sources */ = {isa = PBXBuildFile; fileRef = B43B8842224BD54200532220 /* IQUIScrollView+Additions.swift */; };
		B43B8848224BD54300532220 /* IQUIViewController+Additions.swift in Sources */ = {isa = PBXBuildFile; fileRef = B43B8843224BD54200532220 /* IQUIViewController+Additions.swift */; };
		B43B8849224BD54300532220 /* IQNSArray+Sort.swift in Sources */ = {isa = PBXBuildFile; fileRef = B43B8844224BD54300532220 /* IQNSArray+Sort.swift */; };
		B43B884A224BD54300532220 /* IQUIView+Hierarchy.swift in Sources */ = {isa = PBXBuildFile; fileRef = B43B8845224BD54300532220 /* IQUIView+Hierarchy.swift */; };
		B43B884E224BD56500532220 /* IQKeyboardManagerConstants.swift in Sources */ = {isa = PBXBuildFile; fileRef = B43B884C224BD56400532220 /* IQKeyboardManagerConstants.swift */; };
		B43B884F224BD56500532220 /* IQKeyboardManagerConstantsInternal.swift in Sources */ = {isa = PBXBuildFile; fileRef = B43B884D224BD56500532220 /* IQKeyboardManagerConstantsInternal.swift */; };
		B43B8853224BD57000532220 /* IQKeyboardReturnKeyHandler.swift in Sources */ = {isa = PBXBuildFile; fileRef = B43B8851224BD56F00532220 /* IQKeyboardReturnKeyHandler.swift */; };
		B43B8854224BD57000532220 /* IQKeyboardManager.swift in Sources */ = {isa = PBXBuildFile; fileRef = B43B8852224BD56F00532220 /* IQKeyboardManager.swift */; };
		B43B8857224BD58B00532220 /* IQTextView.swift in Sources */ = {isa = PBXBuildFile; fileRef = B43B8856224BD58B00532220 /* IQTextView.swift */; };
		B43B885F224BD5A500532220 /* IQBarButtonItem.swift in Sources */ = {isa = PBXBuildFile; fileRef = B43B8859224BD5A400532220 /* IQBarButtonItem.swift */; };
		B43B8860224BD5A500532220 /* IQInvocation.swift in Sources */ = {isa = PBXBuildFile; fileRef = B43B885A224BD5A400532220 /* IQInvocation.swift */; };
		B43B8861224BD5A500532220 /* IQTitleBarButtonItem.swift in Sources */ = {isa = PBXBuildFile; fileRef = B43B885B224BD5A500532220 /* IQTitleBarButtonItem.swift */; };
		B43B8862224BD5A500532220 /* IQUIView+IQKeyboardToolbar.swift in Sources */ = {isa = PBXBuildFile; fileRef = B43B885C224BD5A500532220 /* IQUIView+IQKeyboardToolbar.swift */; };
		B43B8863224BD5A500532220 /* IQPreviousNextView.swift in Sources */ = {isa = PBXBuildFile; fileRef = B43B885D224BD5A500532220 /* IQPreviousNextView.swift */; };
		B43B8864224BD5A500532220 /* IQToolbar.swift in Sources */ = {isa = PBXBuildFile; fileRef = B43B885E224BD5A500532220 /* IQToolbar.swift */; };
		B43B8867224BD5EE00532220 /* IQKeyboardManager.bundle in Resources */ = {isa = PBXBuildFile; fileRef = B43B8866224BD5EE00532220 /* IQKeyboardManager.bundle */; };
		B44B1E1D222659A600C39B86 /* GalleryVCCell.swift in Sources */ = {isa = PBXBuildFile; fileRef = B44B1E1B222659A600C39B86 /* GalleryVCCell.swift */; };
		B454DA7F222BEC4500057001 /* SettingVC.swift in Sources */ = {isa = PBXBuildFile; fileRef = B454DA7E222BEC4500057001 /* SettingVC.swift */; };
		B45F8B27222A5D7F006D3D0C /* GalleryImageVC.swift in Sources */ = {isa = PBXBuildFile; fileRef = B45F8B26222A5D7F006D3D0C /* GalleryImageVC.swift */; };
		B45F8B67222A9F02006D3D0C /* CircularTransition .swift in Sources */ = {isa = PBXBuildFile; fileRef = B45F8B66222A9F02006D3D0C /* CircularTransition .swift */; };
		B46C5444221EB62600598CD8 /* Default-568h@2x.png in Resources */ = {isa = PBXBuildFile; fileRef = B46C5443221EB62600598CD8 /* Default-568h@2x.png */; };
		B476CCEB2249354500A659E8 /* OrderVC.swift in Sources */ = {isa = PBXBuildFile; fileRef = B476CCEA2249354500A659E8 /* OrderVC.swift */; };
		B4988AFB221D372D00DF0178 /* GoogleService-Info.plist in Resources */ = {isa = PBXBuildFile; fileRef = B4988AFA221D372D00DF0178 /* GoogleService-Info.plist */; };
		B4A0CCCA22267294000028A2 /* LoginVC.swift in Sources */ = {isa = PBXBuildFile; fileRef = B4A0CCC922267294000028A2 /* LoginVC.swift */; };
		B4BD366822299F9F00AF6BB4 /* GalleryVC.swift in Sources */ = {isa = PBXBuildFile; fileRef = B4BD366722299F9F00AF6BB4 /* GalleryVC.swift */; };
		B4C7FA1222477CA400848590 /* VacationDestination.swift in Sources */ = {isa = PBXBuildFile; fileRef = B4C7FA1122477CA400848590 /* VacationDestination.swift */; };
		B4CA4107223D754300BC2BC7 /* PromotionsВiscountsVC.swift in Sources */ = {isa = PBXBuildFile; fileRef = B4CA4106223D754300BC2BC7 /* PromotionsВiscountsVC.swift */; };
		B4ED859722225C3C00BA764E /* Assets.xcassets in Resources */ = {isa = PBXBuildFile; fileRef = B4ED859622225C3C00BA764E /* Assets.xcassets */; };
		B4F7E77B22413AB600D3F167 /* CallCVC.swift in Sources */ = {isa = PBXBuildFile; fileRef = B4F7E77A22413AB600D3F167 /* CallCVC.swift */; };
		B4F7E77E22413AE400D3F167 /* CallCVCell.swift in Sources */ = {isa = PBXBuildFile; fileRef = B4F7E77C22413AE400D3F167 /* CallCVCell.swift */; };
		B4F7E77F22413AE400D3F167 /* CallCVCell.xib in Resources */ = {isa = PBXBuildFile; fileRef = B4F7E77D22413AE400D3F167 /* CallCVCell.xib */; };
		B4FB88E422311FE4008BF05F /* MenuDetailVC.swift in Sources */ = {isa = PBXBuildFile; fileRef = B4FB88E322311FE4008BF05F /* MenuDetailVC.swift */; };
		B4FB88EC22319C4B008BF05F /* MenuDetailCell.swift in Sources */ = {isa = PBXBuildFile; fileRef = B4FB88EB22319C4B008BF05F /* MenuDetailCell.swift */; };
/* End PBXBuildFile section */

/* Begin PBXFileReference section */
		1E6D168C6661331565482B7B /* Pods_NyamNyam.framework */ = {isa = PBXFileReference; explicitFileType = wrapper.framework; includeInIndex = 0; path = Pods_NyamNyam.framework; sourceTree = BUILT_PRODUCTS_DIR; };
		5519B4ED7BD51126CE991404 /* Pods-NyamNyam.release.xcconfig */ = {isa = PBXFileReference; includeInIndex = 1; lastKnownFileType = text.xcconfig; name = "Pods-NyamNyam.release.xcconfig"; path = "Target Support Files/Pods-NyamNyam/Pods-NyamNyam.release.xcconfig"; sourceTree = "<group>"; };
		6EF27EB6221CFDB500F34E72 /* NyamNyam.app */ = {isa = PBXFileReference; explicitFileType = wrapper.application; includeInIndex = 0; path = NyamNyam.app; sourceTree = BUILT_PRODUCTS_DIR; };
		6EF27EB9221CFDB500F34E72 /* AppDelegate.swift */ = {isa = PBXFileReference; lastKnownFileType = sourcecode.swift; path = AppDelegate.swift; sourceTree = "<group>"; };
		6EF27EBE221CFDB600F34E72 /* Base */ = {isa = PBXFileReference; lastKnownFileType = file.storyboard; name = Base; path = Base.lproj/Main.storyboard; sourceTree = "<group>"; };
		6EF27EC3221CFDB700F34E72 /* Base */ = {isa = PBXFileReference; lastKnownFileType = file.storyboard; name = Base; path = Base.lproj/LaunchScreen.storyboard; sourceTree = "<group>"; };
		6EF27EC5221CFDB700F34E72 /* Info.plist */ = {isa = PBXFileReference; lastKnownFileType = text.plist.xml; path = Info.plist; sourceTree = "<group>"; };
		75696AC7A4A8DC04C236DF93 /* Pods-NyamNyam.debug.xcconfig */ = {isa = PBXFileReference; includeInIndex = 1; lastKnownFileType = text.xcconfig; name = "Pods-NyamNyam.debug.xcconfig"; path = "Target Support Files/Pods-NyamNyam/Pods-NyamNyam.debug.xcconfig"; sourceTree = "<group>"; };
		B40085062244AE0F000B3DEA /* MapCVC.swift */ = {isa = PBXFileReference; lastKnownFileType = sourcecode.swift; path = MapCVC.swift; sourceTree = "<group>"; };
		B400850B2244AE7A000B3DEA /* MapVCCell.swift */ = {isa = PBXFileReference; lastKnownFileType = sourcecode.swift; path = MapVCCell.swift; sourceTree = "<group>"; };
		B400850C2244AE7A000B3DEA /* MapVCCell.xib */ = {isa = PBXFileReference; lastKnownFileType = file.xib; path = MapVCCell.xib; sourceTree = "<group>"; };
		B400850F224539AC000B3DEA /* DetailMapVC.swift */ = {isa = PBXFileReference; lastKnownFileType = sourcecode.swift; path = DetailMapVC.swift; sourceTree = "<group>"; };
		B41352F8223957120060C993 /* FoodsVCCell.swift */ = {isa = PBXFileReference; lastKnownFileType = sourcecode.swift; path = FoodsVCCell.swift; sourceTree = "<group>"; };
		B41352F9223957120060C993 /* FoodsVCCell.xib */ = {isa = PBXFileReference; lastKnownFileType = file.xib; path = FoodsVCCell.xib; sourceTree = "<group>"; };
		B41352FD223961510060C993 /* FoodsVC.swift */ = {isa = PBXFileReference; lastKnownFileType = sourcecode.swift; path = FoodsVC.swift; sourceTree = "<group>"; };
		B417E224224B1EC000E13D74 /* Login.storyboard */ = {isa = PBXFileReference; lastKnownFileType = file.storyboard; path = Login.storyboard; sourceTree = "<group>"; };
		B417E227224B1F1B00E13D74 /* Constant.swift */ = {isa = PBXFileReference; lastKnownFileType = sourcecode.swift; path = Constant.swift; sourceTree = "<group>"; };
		B429F277222E3E26000033EC /* MenuVC.swift */ = {isa = PBXFileReference; lastKnownFileType = sourcecode.swift; path = MenuVC.swift; sourceTree = "<group>"; xcLanguageSpecificationIdentifier = xcode.lang.swift; };
		B429F27B222E665C000033EC /* MenuCell.swift */ = {isa = PBXFileReference; lastKnownFileType = sourcecode.swift; path = MenuCell.swift; sourceTree = "<group>"; };
		B43B8841224BD54200532220 /* IQUITextFieldView+Additions.swift */ = {isa = PBXFileReference; fileEncoding = 4; lastKnownFileType = sourcecode.swift; path = "IQUITextFieldView+Additions.swift"; sourceTree = "<group>"; };
		B43B8842224BD54200532220 /* IQUIScrollView+Additions.swift */ = {isa = PBXFileReference; fileEncoding = 4; lastKnownFileType = sourcecode.swift; path = "IQUIScrollView+Additions.swift"; sourceTree = "<group>"; };
		B43B8843224BD54200532220 /* IQUIViewController+Additions.swift */ = {isa = PBXFileReference; fileEncoding = 4; lastKnownFileType = sourcecode.swift; path = "IQUIViewController+Additions.swift"; sourceTree = "<group>"; };
		B43B8844224BD54300532220 /* IQNSArray+Sort.swift */ = {isa = PBXFileReference; fileEncoding = 4; lastKnownFileType = sourcecode.swift; path = "IQNSArray+Sort.swift"; sourceTree = "<group>"; };
		B43B8845224BD54300532220 /* IQUIView+Hierarchy.swift */ = {isa = PBXFileReference; fileEncoding = 4; lastKnownFileType = sourcecode.swift; path = "IQUIView+Hierarchy.swift"; sourceTree = "<group>"; };
		B43B884C224BD56400532220 /* IQKeyboardManagerConstants.swift */ = {isa = PBXFileReference; fileEncoding = 4; lastKnownFileType = sourcecode.swift; path = IQKeyboardManagerConstants.swift; sourceTree = "<group>"; };
		B43B884D224BD56500532220 /* IQKeyboardManagerConstantsInternal.swift */ = {isa = PBXFileReference; fileEncoding = 4; lastKnownFileType = sourcecode.swift; path = IQKeyboardManagerConstantsInternal.swift; sourceTree = "<group>"; };
		B43B8850224BD56F00532220 /* IQKeyboardManagerSwift.h */ = {isa = PBXFileReference; fileEncoding = 4; lastKnownFileType = sourcecode.c.h; path = IQKeyboardManagerSwift.h; sourceTree = "<group>"; };
		B43B8851224BD56F00532220 /* IQKeyboardReturnKeyHandler.swift */ = {isa = PBXFileReference; fileEncoding = 4; lastKnownFileType = sourcecode.swift; path = IQKeyboardReturnKeyHandler.swift; sourceTree = "<group>"; };
		B43B8852224BD56F00532220 /* IQKeyboardManager.swift */ = {isa = PBXFileReference; fileEncoding = 4; lastKnownFileType = sourcecode.swift; path = IQKeyboardManager.swift; sourceTree = "<group>"; };
		B43B8856224BD58B00532220 /* IQTextView.swift */ = {isa = PBXFileReference; fileEncoding = 4; lastKnownFileType = sourcecode.swift; path = IQTextView.swift; sourceTree = "<group>"; };
		B43B8859224BD5A400532220 /* IQBarButtonItem.swift */ = {isa = PBXFileReference; fileEncoding = 4; lastKnownFileType = sourcecode.swift; path = IQBarButtonItem.swift; sourceTree = "<group>"; };
		B43B885A224BD5A400532220 /* IQInvocation.swift */ = {isa = PBXFileReference; fileEncoding = 4; lastKnownFileType = sourcecode.swift; path = IQInvocation.swift; sourceTree = "<group>"; };
		B43B885B224BD5A500532220 /* IQTitleBarButtonItem.swift */ = {isa = PBXFileReference; fileEncoding = 4; lastKnownFileType = sourcecode.swift; path = IQTitleBarButtonItem.swift; sourceTree = "<group>"; };
		B43B885C224BD5A500532220 /* IQUIView+IQKeyboardToolbar.swift */ = {isa = PBXFileReference; fileEncoding = 4; lastKnownFileType = sourcecode.swift; path = "IQUIView+IQKeyboardToolbar.swift"; sourceTree = "<group>"; };
		B43B885D224BD5A500532220 /* IQPreviousNextView.swift */ = {isa = PBXFileReference; fileEncoding = 4; lastKnownFileType = sourcecode.swift; path = IQPreviousNextView.swift; sourceTree = "<group>"; };
		B43B885E224BD5A500532220 /* IQToolbar.swift */ = {isa = PBXFileReference; fileEncoding = 4; lastKnownFileType = sourcecode.swift; path = IQToolbar.swift; sourceTree = "<group>"; };
		B43B8866224BD5EE00532220 /* IQKeyboardManager.bundle */ = {isa = PBXFileReference; lastKnownFileType = "wrapper.plug-in"; path = IQKeyboardManager.bundle; sourceTree = "<group>"; };
		B44B1E1B222659A600C39B86 /* GalleryVCCell.swift */ = {isa = PBXFileReference; lastKnownFileType = sourcecode.swift; path = GalleryVCCell.swift; sourceTree = "<group>"; };
		B454DA7E222BEC4500057001 /* SettingVC.swift */ = {isa = PBXFileReference; lastKnownFileType = sourcecode.swift; path = SettingVC.swift; sourceTree = "<group>"; };
		B45F8B26222A5D7F006D3D0C /* GalleryImageVC.swift */ = {isa = PBXFileReference; lastKnownFileType = sourcecode.swift; path = GalleryImageVC.swift; sourceTree = "<group>"; };
		B45F8B66222A9F02006D3D0C /* CircularTransition .swift */ = {isa = PBXFileReference; lastKnownFileType = sourcecode.swift; path = "CircularTransition .swift"; sourceTree = "<group>"; };
		B46C5443221EB62600598CD8 /* Default-568h@2x.png */ = {isa = PBXFileReference; lastKnownFileType = image.png; path = "Default-568h@2x.png"; sourceTree = "<group>"; };
		B476CCEA2249354500A659E8 /* OrderVC.swift */ = {isa = PBXFileReference; lastKnownFileType = sourcecode.swift; path = OrderVC.swift; sourceTree = "<group>"; };
		B4988AFA221D372D00DF0178 /* GoogleService-Info.plist */ = {isa = PBXFileReference; fileEncoding = 4; lastKnownFileType = text.plist.xml; path = "GoogleService-Info.plist"; sourceTree = "<group>"; };
		B4A0CCC922267294000028A2 /* LoginVC.swift */ = {isa = PBXFileReference; lastKnownFileType = sourcecode.swift; path = LoginVC.swift; sourceTree = "<group>"; };
		B4BD366722299F9F00AF6BB4 /* GalleryVC.swift */ = {isa = PBXFileReference; lastKnownFileType = sourcecode.swift; path = GalleryVC.swift; sourceTree = "<group>"; };
		B4C7FA1122477CA400848590 /* VacationDestination.swift */ = {isa = PBXFileReference; lastKnownFileType = sourcecode.swift; path = VacationDestination.swift; sourceTree = "<group>"; };
		B4CA4106223D754300BC2BC7 /* PromotionsВiscountsVC.swift */ = {isa = PBXFileReference; fileEncoding = 4; lastKnownFileType = sourcecode.swift; path = "PromotionsВiscountsVC.swift"; sourceTree = "<group>"; };
		B4ED859622225C3C00BA764E /* Assets.xcassets */ = {isa = PBXFileReference; lastKnownFileType = folder.assetcatalog; path = Assets.xcassets; sourceTree = "<group>"; };
		B4F7E77A22413AB600D3F167 /* CallCVC.swift */ = {isa = PBXFileReference; lastKnownFileType = sourcecode.swift; path = CallCVC.swift; sourceTree = "<group>"; };
		B4F7E77C22413AE400D3F167 /* CallCVCell.swift */ = {isa = PBXFileReference; lastKnownFileType = sourcecode.swift; path = CallCVCell.swift; sourceTree = "<group>"; };
		B4F7E77D22413AE400D3F167 /* CallCVCell.xib */ = {isa = PBXFileReference; lastKnownFileType = file.xib; path = CallCVCell.xib; sourceTree = "<group>"; };
		B4FB88E322311FE4008BF05F /* MenuDetailVC.swift */ = {isa = PBXFileReference; lastKnownFileType = sourcecode.swift; path = MenuDetailVC.swift; sourceTree = "<group>"; };
		B4FB88EB22319C4B008BF05F /* MenuDetailCell.swift */ = {isa = PBXFileReference; lastKnownFileType = sourcecode.swift; path = MenuDetailCell.swift; sourceTree = "<group>"; };
/* End PBXFileReference section */

/* Begin PBXFrameworksBuildPhase section */
		6EF27EB3221CFDB500F34E72 /* Frameworks */ = {
			isa = PBXFrameworksBuildPhase;
			buildActionMask = 2147483647;
			files = (
				5CD10089E11D1D2CEF720D69 /* Pods_NyamNyam.framework in Frameworks */,
			);
			runOnlyForDeploymentPostprocessing = 0;
		};
/* End PBXFrameworksBuildPhase section */

/* Begin PBXGroup section */
		64A4233A1A7BA2EC7A2B5C78 /* Frameworks */ = {
			isa = PBXGroup;
			children = (
				1E6D168C6661331565482B7B /* Pods_NyamNyam.framework */,
			);
			name = Frameworks;
			sourceTree = "<group>";
		};
		6EF27EAD221CFDB500F34E72 = {
			isa = PBXGroup;
			children = (
				B46C5443221EB62600598CD8 /* Default-568h@2x.png */,
				6EF27EB8221CFDB500F34E72 /* NyamNyam */,
				6EF27EB7221CFDB500F34E72 /* Products */,
				C3B792F61998E127E9CCC88E /* Pods */,
				64A4233A1A7BA2EC7A2B5C78 /* Frameworks */,
			);
			sourceTree = "<group>";
		};
		6EF27EB7221CFDB500F34E72 /* Products */ = {
			isa = PBXGroup;
			children = (
				6EF27EB6221CFDB500F34E72 /* NyamNyam.app */,
			);
			name = Products;
			sourceTree = "<group>";
		};
		6EF27EB8221CFDB500F34E72 /* NyamNyam */ = {
			isa = PBXGroup;
			children = (
				B43B883F224BD51100532220 /* IQKeyboardManager */,
				B417E226224B1EFF00E13D74 /* Utils */,
				B4988AFC221D38B900DF0178 /* Model */,
				B4988AFD221D38C600DF0178 /* View */,
				B4988AFE221D38D000DF0178 /* ViewModel */,
				6EF27EB9221CFDB500F34E72 /* AppDelegate.swift */,
				B4988AFF221D38FB00DF0178 /* Resources */,
			);
			path = NyamNyam;
			sourceTree = "<group>";
		};
		B40085052244AD7A000B3DEA /* Map */ = {
			isa = PBXGroup;
			children = (
				B40085062244AE0F000B3DEA /* MapCVC.swift */,
				B400850F224539AC000B3DEA /* DetailMapVC.swift */,
			);
			path = Map;
			sourceTree = "<group>";
		};
		B40085082244AE2D000B3DEA /* Map */ = {
			isa = PBXGroup;
			children = (
				B400850B2244AE7A000B3DEA /* MapVCCell.swift */,
				B400850C2244AE7A000B3DEA /* MapVCCell.xib */,
			);
			path = Map;
			sourceTree = "<group>";
		};
		B41352F7223956CA0060C993 /* Foods */ = {
			isa = PBXGroup;
			children = (
				B41352F8223957120060C993 /* FoodsVCCell.swift */,
				B41352F9223957120060C993 /* FoodsVCCell.xib */,
			);
			path = Foods;
			sourceTree = "<group>";
		};
		B41352FC223960A90060C993 /* Foods */ = {
			isa = PBXGroup;
			children = (
				B41352FD223961510060C993 /* FoodsVC.swift */,
			);
			path = Foods;
			sourceTree = "<group>";
		};
		B417E226224B1EFF00E13D74 /* Utils */ = {
			isa = PBXGroup;
			children = (
				B417E227224B1F1B00E13D74 /* Constant.swift */,
			);
			path = Utils;
			sourceTree = "<group>";
		};
		B43B883F224BD51100532220 /* IQKeyboardManager */ = {
			isa = PBXGroup;
			children = (
				B43B8865224BD5C500532220 /* Resources */,
				B43B8858224BD59600532220 /* IQToolbar */,
				B43B8855224BD57A00532220 /* IQTextView */,
				B43B8852224BD56F00532220 /* IQKeyboardManager.swift */,
				B43B8850224BD56F00532220 /* IQKeyboardManagerSwift.h */,
				B43B8851224BD56F00532220 /* IQKeyboardReturnKeyHandler.swift */,
				B43B884B224BD54C00532220 /* Constants */,
				B43B8840224BD52900532220 /* Categories */,
			);
			path = IQKeyboardManager;
			sourceTree = "<group>";
		};
		B43B8840224BD52900532220 /* Categories */ = {
			isa = PBXGroup;
			children = (
				B43B8844224BD54300532220 /* IQNSArray+Sort.swift */,
				B43B8842224BD54200532220 /* IQUIScrollView+Additions.swift */,
				B43B8841224BD54200532220 /* IQUITextFieldView+Additions.swift */,
				B43B8845224BD54300532220 /* IQUIView+Hierarchy.swift */,
				B43B8843224BD54200532220 /* IQUIViewController+Additions.swift */,
			);
			path = Categories;
			sourceTree = "<group>";
		};
		B43B884B224BD54C00532220 /* Constants */ = {
			isa = PBXGroup;
			children = (
				B43B884C224BD56400532220 /* IQKeyboardManagerConstants.swift */,
				B43B884D224BD56500532220 /* IQKeyboardManagerConstantsInternal.swift */,
			);
			path = Constants;
			sourceTree = "<group>";
		};
		B43B8855224BD57A00532220 /* IQTextView */ = {
			isa = PBXGroup;
			children = (
				B43B8856224BD58B00532220 /* IQTextView.swift */,
			);
			path = IQTextView;
			sourceTree = "<group>";
		};
		B43B8858224BD59600532220 /* IQToolbar */ = {
			isa = PBXGroup;
			children = (
				B43B8859224BD5A400532220 /* IQBarButtonItem.swift */,
				B43B885A224BD5A400532220 /* IQInvocation.swift */,
				B43B885D224BD5A500532220 /* IQPreviousNextView.swift */,
				B43B885B224BD5A500532220 /* IQTitleBarButtonItem.swift */,
				B43B885E224BD5A500532220 /* IQToolbar.swift */,
				B43B885C224BD5A500532220 /* IQUIView+IQKeyboardToolbar.swift */,
			);
			path = IQToolbar;
			sourceTree = "<group>";
		};
		B43B8865224BD5C500532220 /* Resources */ = {
			isa = PBXGroup;
			children = (
				B43B8866224BD5EE00532220 /* IQKeyboardManager.bundle */,
			);
			path = Resources;
			sourceTree = "<group>";
		};
		B44B1E152226585800C39B86 /* Controller */ = {
			isa = PBXGroup;
			children = (
				B476CCE9224934BF00A659E8 /* Order */,
				B40085052244AD7A000B3DEA /* Map */,
				B4EAC8B0223F9AAC00DFEB05 /* Menu */,
				B4EAC8AE223F9A0300DFEB05 /* Gallery */,
				B4EAC8B2223F9AEE00DFEB05 /* Call */,
				B4EAC8B1223F9AE100DFEB05 /* Setting */,
				B4EAC8AD223F993600DFEB05 /* Login */,
				B4FB88E322311FE4008BF05F /* MenuDetailVC.swift */,
				B4CA4106223D754300BC2BC7 /* PromotionsВiscountsVC.swift */,
			);
			path = Controller;
			sourceTree = "<group>";
		};
		B44B1E192226597D00C39B86 /* Cell */ = {
			isa = PBXGroup;
			children = (
				B40085082244AE2D000B3DEA /* Map */,
				B4EAC8B5223F9B7600DFEB05 /* Menu */,
				B4EAC8B4223F9B5900DFEB05 /* Gallery */,
				B4EAC8B3223F9B2200DFEB05 /* Call */,
				B4FB88EB22319C4B008BF05F /* MenuDetailCell.swift */,
			);
			path = Cell;
			sourceTree = "<group>";
		};
		B45F8B65222A9EE5006D3D0C /* Animations */ = {
			isa = PBXGroup;
			children = (
				B45F8B66222A9F02006D3D0C /* CircularTransition .swift */,
			);
			path = Animations;
			sourceTree = "<group>";
		};
		B476CCE9224934BF00A659E8 /* Order */ = {
			isa = PBXGroup;
			children = (
				B476CCEA2249354500A659E8 /* OrderVC.swift */,
			);
			path = Order;
			sourceTree = "<group>";
		};
		B4988AFC221D38B900DF0178 /* Model */ = {
			isa = PBXGroup;
			children = (
				B4C7FA1022477C7100848590 /* Map */,
			);
			path = Model;
			sourceTree = "<group>";
		};
		B4988AFD221D38C600DF0178 /* View */ = {
			isa = PBXGroup;
			children = (
				B44B1E152226585800C39B86 /* Controller */,
				B44B1E192226597D00C39B86 /* Cell */,
				B4EAC8AC223F98DC00DFEB05 /* Helper */,
				6EF27EBD221CFDB600F34E72 /* Main.storyboard */,
				B417E224224B1EC000E13D74 /* Login.storyboard */,
			);
			path = View;
			sourceTree = "<group>";
		};
		B4988AFE221D38D000DF0178 /* ViewModel */ = {
			isa = PBXGroup;
			children = (
			);
			path = ViewModel;
			sourceTree = "<group>";
		};
		B4988AFF221D38FB00DF0178 /* Resources */ = {
			isa = PBXGroup;
			children = (
				B4ED859622225C3C00BA764E /* Assets.xcassets */,
				6EF27EC2221CFDB700F34E72 /* LaunchScreen.storyboard */,
				6EF27EC5221CFDB700F34E72 /* Info.plist */,
				B4988AFA221D372D00DF0178 /* GoogleService-Info.plist */,
			);
			path = Resources;
			sourceTree = "<group>";
		};
		B4C7FA1022477C7100848590 /* Map */ = {
			isa = PBXGroup;
			children = (
				B4C7FA1122477CA400848590 /* VacationDestination.swift */,
			);
			path = Map;
			sourceTree = "<group>";
		};
		B4EAC8AC223F98DC00DFEB05 /* Helper */ = {
			isa = PBXGroup;
			children = (
				B45F8B65222A9EE5006D3D0C /* Animations */,
			);
			path = Helper;
			sourceTree = "<group>";
		};
		B4EAC8AD223F993600DFEB05 /* Login */ = {
			isa = PBXGroup;
			children = (
				B4A0CCC922267294000028A2 /* LoginVC.swift */,
			);
			path = Login;
			sourceTree = "<group>";
		};
		B4EAC8AE223F9A0300DFEB05 /* Gallery */ = {
			isa = PBXGroup;
			children = (
				B4EAC8AF223F9A7900DFEB05 /* GalleryImageVC */,
				B4BD366722299F9F00AF6BB4 /* GalleryVC.swift */,
			);
			path = Gallery;
			sourceTree = "<group>";
		};
		B4EAC8AF223F9A7900DFEB05 /* GalleryImageVC */ = {
			isa = PBXGroup;
			children = (
				B45F8B26222A5D7F006D3D0C /* GalleryImageVC.swift */,
			);
			path = GalleryImageVC;
			sourceTree = "<group>";
		};
		B4EAC8B0223F9AAC00DFEB05 /* Menu */ = {
			isa = PBXGroup;
			children = (
				B41352FC223960A90060C993 /* Foods */,
				B429F277222E3E26000033EC /* MenuVC.swift */,
			);
			path = Menu;
			sourceTree = "<group>";
		};
		B4EAC8B1223F9AE100DFEB05 /* Setting */ = {
			isa = PBXGroup;
			children = (
				B454DA7E222BEC4500057001 /* SettingVC.swift */,
			);
			path = Setting;
			sourceTree = "<group>";
		};
		B4EAC8B2223F9AEE00DFEB05 /* Call */ = {
			isa = PBXGroup;
			children = (
				B4F7E77A22413AB600D3F167 /* CallCVC.swift */,
			);
			path = Call;
			sourceTree = "<group>";
		};
		B4EAC8B3223F9B2200DFEB05 /* Call */ = {
			isa = PBXGroup;
			children = (
				B4F7E77C22413AE400D3F167 /* CallCVCell.swift */,
				B4F7E77D22413AE400D3F167 /* CallCVCell.xib */,
			);
			path = Call;
			sourceTree = "<group>";
		};
		B4EAC8B4223F9B5900DFEB05 /* Gallery */ = {
			isa = PBXGroup;
			children = (
				B44B1E1B222659A600C39B86 /* GalleryVCCell.swift */,
			);
			path = Gallery;
			sourceTree = "<group>";
		};
		B4EAC8B5223F9B7600DFEB05 /* Menu */ = {
			isa = PBXGroup;
			children = (
				B41352F7223956CA0060C993 /* Foods */,
				B429F27B222E665C000033EC /* MenuCell.swift */,
			);
			path = Menu;
			sourceTree = "<group>";
		};
		C3B792F61998E127E9CCC88E /* Pods */ = {
			isa = PBXGroup;
			children = (
				75696AC7A4A8DC04C236DF93 /* Pods-NyamNyam.debug.xcconfig */,
				5519B4ED7BD51126CE991404 /* Pods-NyamNyam.release.xcconfig */,
			);
			path = Pods;
			sourceTree = "<group>";
		};
/* End PBXGroup section */

/* Begin PBXNativeTarget section */
		6EF27EB5221CFDB500F34E72 /* NyamNyam */ = {
			isa = PBXNativeTarget;
			buildConfigurationList = 6EF27EC8221CFDB700F34E72 /* Build configuration list for PBXNativeTarget "NyamNyam" */;
			buildPhases = (
				DD652C745B0E7C51DB3B5DE3 /* [CP] Check Pods Manifest.lock */,
				6EF27EB2221CFDB500F34E72 /* Sources */,
				6EF27EB3221CFDB500F34E72 /* Frameworks */,
				6EF27EB4221CFDB500F34E72 /* Resources */,
				9B819FA423460C9A4553C956 /* [CP] Embed Pods Frameworks */,
				6F56577530FFECC1DBD19FA8 /* [CP] Copy Pods Resources */,
			);
			buildRules = (
			);
			dependencies = (
			);
			name = NyamNyam;
			productName = NyamNyam;
			productReference = 6EF27EB6221CFDB500F34E72 /* NyamNyam.app */;
			productType = "com.apple.product-type.application";
		};
/* End PBXNativeTarget section */

/* Begin PBXProject section */
		6EF27EAE221CFDB500F34E72 /* Project object */ = {
			isa = PBXProject;
			attributes = {
				LastSwiftUpdateCheck = 1010;
				LastUpgradeCheck = 1010;
				ORGANIZATIONNAME = "Atay Sultangaziev";
				TargetAttributes = {
					6EF27EB5221CFDB500F34E72 = {
						CreatedOnToolsVersion = 10.1;
						LastSwiftMigration = 1020;
					};
				};
			};
			buildConfigurationList = 6EF27EB1221CFDB500F34E72 /* Build configuration list for PBXProject "NyamNyam" */;
			compatibilityVersion = "Xcode 9.3";
			developmentRegion = en;
			hasScannedForEncodings = 0;
			knownRegions = (
				en,
				Base,
			);
			mainGroup = 6EF27EAD221CFDB500F34E72;
			productRefGroup = 6EF27EB7221CFDB500F34E72 /* Products */;
			projectDirPath = "";
			projectRoot = "";
			targets = (
				6EF27EB5221CFDB500F34E72 /* NyamNyam */,
			);
		};
/* End PBXProject section */

/* Begin PBXResourcesBuildPhase section */
		6EF27EB4221CFDB500F34E72 /* Resources */ = {
			isa = PBXResourcesBuildPhase;
			buildActionMask = 2147483647;
			files = (
				6EF27EC4221CFDB700F34E72 /* LaunchScreen.storyboard in Resources */,
				B43B8867224BD5EE00532220 /* IQKeyboardManager.bundle in Resources */,
				B4F7E77F22413AE400D3F167 /* CallCVCell.xib in Resources */,
				B4988AFB221D372D00DF0178 /* GoogleService-Info.plist in Resources */,
				B41352FB223957120060C993 /* FoodsVCCell.xib in Resources */,
				B46C5444221EB62600598CD8 /* Default-568h@2x.png in Resources */,
				B400850E2244AE7A000B3DEA /* MapVCCell.xib in Resources */,
				B4ED859722225C3C00BA764E /* Assets.xcassets in Resources */,
				6EF27EBF221CFDB600F34E72 /* Main.storyboard in Resources */,
				B417E225224B1EC000E13D74 /* Login.storyboard in Resources */,
			);
			runOnlyForDeploymentPostprocessing = 0;
		};
/* End PBXResourcesBuildPhase section */

/* Begin PBXShellScriptBuildPhase section */
		6F56577530FFECC1DBD19FA8 /* [CP] Copy Pods Resources */ = {
			isa = PBXShellScriptBuildPhase;
			buildActionMask = 2147483647;
			files = (
			);
			inputFileListPaths = (
			);
			inputPaths = (
				"${PODS_ROOT}/Target Support Files/Pods-NyamNyam/Pods-NyamNyam-resources.sh",
				"${PODS_ROOT}/GoogleMaps/Maps/Frameworks/GoogleMaps.framework/Resources/GoogleMaps.bundle",
				"${PODS_ROOT}/GooglePlaces/Frameworks/GooglePlaces.framework/Resources/GooglePlaces.bundle",
			);
			name = "[CP] Copy Pods Resources";
			outputFileListPaths = (
			);
			outputPaths = (
				"${TARGET_BUILD_DIR}/${UNLOCALIZED_RESOURCES_FOLDER_PATH}/GoogleMaps.bundle",
				"${TARGET_BUILD_DIR}/${UNLOCALIZED_RESOURCES_FOLDER_PATH}/GooglePlaces.bundle",
			);
			runOnlyForDeploymentPostprocessing = 0;
			shellPath = /bin/sh;
			shellScript = "\"${PODS_ROOT}/Target Support Files/Pods-NyamNyam/Pods-NyamNyam-resources.sh\"\n";
			showEnvVarsInLog = 0;
		};
		9B819FA423460C9A4553C956 /* [CP] Embed Pods Frameworks */ = {
			isa = PBXShellScriptBuildPhase;
			buildActionMask = 2147483647;
			files = (
			);
			inputFileListPaths = (
			);
			inputPaths = (
				"${PODS_ROOT}/Target Support Files/Pods-NyamNyam/Pods-NyamNyam-frameworks.sh",
				"${BUILT_PRODUCTS_DIR}/Cartography/Cartography.framework",
			);
			name = "[CP] Embed Pods Frameworks";
			outputFileListPaths = (
			);
			outputPaths = (
				"${TARGET_BUILD_DIR}/${FRAMEWORKS_FOLDER_PATH}/Cartography.framework",
			);
			runOnlyForDeploymentPostprocessing = 0;
			shellPath = /bin/sh;
			shellScript = "\"${PODS_ROOT}/Target Support Files/Pods-NyamNyam/Pods-NyamNyam-frameworks.sh\"\n";
			showEnvVarsInLog = 0;
		};
		DD652C745B0E7C51DB3B5DE3 /* [CP] Check Pods Manifest.lock */ = {
			isa = PBXShellScriptBuildPhase;
			buildActionMask = 2147483647;
			files = (
			);
			inputFileListPaths = (
			);
			inputPaths = (
				"${PODS_PODFILE_DIR_PATH}/Podfile.lock",
				"${PODS_ROOT}/Manifest.lock",
			);
			name = "[CP] Check Pods Manifest.lock";
			outputFileListPaths = (
			);
			outputPaths = (
				"$(DERIVED_FILE_DIR)/Pods-NyamNyam-checkManifestLockResult.txt",
			);
			runOnlyForDeploymentPostprocessing = 0;
			shellPath = /bin/sh;
			shellScript = "diff \"${PODS_PODFILE_DIR_PATH}/Podfile.lock\" \"${PODS_ROOT}/Manifest.lock\" > /dev/null\nif [ $? != 0 ] ; then\n    # print error to STDERR\n    echo \"error: The sandbox is not in sync with the Podfile.lock. Run 'pod install' or update your CocoaPods installation.\" >&2\n    exit 1\nfi\n# This output is used by Xcode 'outputs' to avoid re-running this script phase.\necho \"SUCCESS\" > \"${SCRIPT_OUTPUT_FILE_0}\"\n";
			showEnvVarsInLog = 0;
		};
/* End PBXShellScriptBuildPhase section */

/* Begin PBXSourcesBuildPhase section */
		6EF27EB2221CFDB500F34E72 /* Sources */ = {
			isa = PBXSourcesBuildPhase;
			buildActionMask = 2147483647;
			files = (
				B4F7E77E22413AE400D3F167 /* CallCVCell.swift in Sources */,
				B4F7E77B22413AB600D3F167 /* CallCVC.swift in Sources */,
				B44B1E1D222659A600C39B86 /* GalleryVCCell.swift in Sources */,
				B400850D2244AE7A000B3DEA /* MapVCCell.swift in Sources */,
				B43B8849224BD54300532220 /* IQNSArray+Sort.swift in Sources */,
				B43B8857224BD58B00532220 /* IQTextView.swift in Sources */,
				B40085072244AE0F000B3DEA /* MapCVC.swift in Sources */,
				B43B8847224BD54300532220 /* IQUIScrollView+Additions.swift in Sources */,
				B43B884F224BD56500532220 /* IQKeyboardManagerConstantsInternal.swift in Sources */,
				B4FB88E422311FE4008BF05F /* MenuDetailVC.swift in Sources */,
				B43B884E224BD56500532220 /* IQKeyboardManagerConstants.swift in Sources */,
				B41352FE223961510060C993 /* FoodsVC.swift in Sources */,
				B43B8846224BD54300532220 /* IQUITextFieldView+Additions.swift in Sources */,
				B454DA7F222BEC4500057001 /* SettingVC.swift in Sources */,
				B4CA4107223D754300BC2BC7 /* PromotionsВiscountsVC.swift in Sources */,
				B43B8863224BD5A500532220 /* IQPreviousNextView.swift in Sources */,
				B4C7FA1222477CA400848590 /* VacationDestination.swift in Sources */,
				B4FB88EC22319C4B008BF05F /* MenuDetailCell.swift in Sources */,
				B429F27C222E665C000033EC /* MenuCell.swift in Sources */,
				B43B8862224BD5A500532220 /* IQUIView+IQKeyboardToolbar.swift in Sources */,
				B45F8B27222A5D7F006D3D0C /* GalleryImageVC.swift in Sources */,
				B43B8864224BD5A500532220 /* IQToolbar.swift in Sources */,
				B45F8B67222A9F02006D3D0C /* CircularTransition .swift in Sources */,
				B4008510224539AC000B3DEA /* DetailMapVC.swift in Sources */,
				B43B8848224BD54300532220 /* IQUIViewController+Additions.swift in Sources */,
				B4BD366822299F9F00AF6BB4 /* GalleryVC.swift in Sources */,
				B43B8860224BD5A500532220 /* IQInvocation.swift in Sources */,
				6EF27EBA221CFDB500F34E72 /* AppDelegate.swift in Sources */,
				B43B885F224BD5A500532220 /* IQBarButtonItem.swift in Sources */,
				B41352FA223957120060C993 /* FoodsVCCell.swift in Sources */,
				B43B884A224BD54300532220 /* IQUIView+Hierarchy.swift in Sources */,
				B476CCEB2249354500A659E8 /* OrderVC.swift in Sources */,
				B43B8853224BD57000532220 /* IQKeyboardReturnKeyHandler.swift in Sources */,
				B43B8854224BD57000532220 /* IQKeyboardManager.swift in Sources */,
				B417E228224B1F1B00E13D74 /* Constant.swift in Sources */,
				B429F278222E3E26000033EC /* MenuVC.swift in Sources */,
				B4A0CCCA22267294000028A2 /* LoginVC.swift in Sources */,
				B43B8861224BD5A500532220 /* IQTitleBarButtonItem.swift in Sources */,
			);
			runOnlyForDeploymentPostprocessing = 0;
		};
/* End PBXSourcesBuildPhase section */

/* Begin PBXVariantGroup section */
		6EF27EBD221CFDB600F34E72 /* Main.storyboard */ = {
			isa = PBXVariantGroup;
			children = (
				6EF27EBE221CFDB600F34E72 /* Base */,
			);
			name = Main.storyboard;
			sourceTree = "<group>";
		};
		6EF27EC2221CFDB700F34E72 /* LaunchScreen.storyboard */ = {
			isa = PBXVariantGroup;
			children = (
				6EF27EC3221CFDB700F34E72 /* Base */,
			);
			name = LaunchScreen.storyboard;
			sourceTree = "<group>";
		};
/* End PBXVariantGroup section */

/* Begin XCBuildConfiguration section */
		6EF27EC6221CFDB700F34E72 /* Debug */ = {
			isa = XCBuildConfiguration;
			buildSettings = {
				ALWAYS_SEARCH_USER_PATHS = NO;
				CLANG_ANALYZER_NONNULL = YES;
				CLANG_ANALYZER_NUMBER_OBJECT_CONVERSION = YES_AGGRESSIVE;
				CLANG_CXX_LANGUAGE_STANDARD = "gnu++14";
				CLANG_CXX_LIBRARY = "libc++";
				CLANG_ENABLE_MODULES = YES;
				CLANG_ENABLE_OBJC_ARC = YES;
				CLANG_ENABLE_OBJC_WEAK = YES;
				CLANG_WARN_BLOCK_CAPTURE_AUTORELEASING = YES;
				CLANG_WARN_BOOL_CONVERSION = YES;
				CLANG_WARN_COMMA = YES;
				CLANG_WARN_CONSTANT_CONVERSION = YES;
				CLANG_WARN_DEPRECATED_OBJC_IMPLEMENTATIONS = YES;
				CLANG_WARN_DIRECT_OBJC_ISA_USAGE = YES_ERROR;
				CLANG_WARN_DOCUMENTATION_COMMENTS = YES;
				CLANG_WARN_EMPTY_BODY = YES;
				CLANG_WARN_ENUM_CONVERSION = YES;
				CLANG_WARN_INFINITE_RECURSION = YES;
				CLANG_WARN_INT_CONVERSION = YES;
				CLANG_WARN_NON_LITERAL_NULL_CONVERSION = YES;
				CLANG_WARN_OBJC_IMPLICIT_RETAIN_SELF = YES;
				CLANG_WARN_OBJC_LITERAL_CONVERSION = YES;
				CLANG_WARN_OBJC_ROOT_CLASS = YES_ERROR;
				CLANG_WARN_RANGE_LOOP_ANALYSIS = YES;
				CLANG_WARN_STRICT_PROTOTYPES = YES;
				CLANG_WARN_SUSPICIOUS_MOVE = YES;
				CLANG_WARN_UNGUARDED_AVAILABILITY = YES_AGGRESSIVE;
				CLANG_WARN_UNREACHABLE_CODE = YES;
				CLANG_WARN__DUPLICATE_METHOD_MATCH = YES;
				CODE_SIGN_IDENTITY = "iPhone Developer";
				COPY_PHASE_STRIP = NO;
				DEBUG_INFORMATION_FORMAT = dwarf;
				ENABLE_STRICT_OBJC_MSGSEND = YES;
				ENABLE_TESTABILITY = YES;
				GCC_C_LANGUAGE_STANDARD = gnu11;
				GCC_DYNAMIC_NO_PIC = NO;
				GCC_NO_COMMON_BLOCKS = YES;
				GCC_OPTIMIZATION_LEVEL = 0;
				GCC_PREPROCESSOR_DEFINITIONS = (
					"DEBUG=1",
					"$(inherited)",
				);
				GCC_WARN_64_TO_32_BIT_CONVERSION = YES;
				GCC_WARN_ABOUT_RETURN_TYPE = YES_ERROR;
				GCC_WARN_UNDECLARED_SELECTOR = YES;
				GCC_WARN_UNINITIALIZED_AUTOS = YES_AGGRESSIVE;
				GCC_WARN_UNUSED_FUNCTION = YES;
				GCC_WARN_UNUSED_VARIABLE = YES;
				IPHONEOS_DEPLOYMENT_TARGET = 12.1;
				MTL_ENABLE_DEBUG_INFO = INCLUDE_SOURCE;
				MTL_FAST_MATH = YES;
				ONLY_ACTIVE_ARCH = YES;
				SDKROOT = iphoneos;
				SWIFT_ACTIVE_COMPILATION_CONDITIONS = DEBUG;
				SWIFT_OPTIMIZATION_LEVEL = "-Onone";
			};
			name = Debug;
		};
		6EF27EC7221CFDB700F34E72 /* Release */ = {
			isa = XCBuildConfiguration;
			buildSettings = {
				ALWAYS_SEARCH_USER_PATHS = NO;
				CLANG_ANALYZER_NONNULL = YES;
				CLANG_ANALYZER_NUMBER_OBJECT_CONVERSION = YES_AGGRESSIVE;
				CLANG_CXX_LANGUAGE_STANDARD = "gnu++14";
				CLANG_CXX_LIBRARY = "libc++";
				CLANG_ENABLE_MODULES = YES;
				CLANG_ENABLE_OBJC_ARC = YES;
				CLANG_ENABLE_OBJC_WEAK = YES;
				CLANG_WARN_BLOCK_CAPTURE_AUTORELEASING = YES;
				CLANG_WARN_BOOL_CONVERSION = YES;
				CLANG_WARN_COMMA = YES;
				CLANG_WARN_CONSTANT_CONVERSION = YES;
				CLANG_WARN_DEPRECATED_OBJC_IMPLEMENTATIONS = YES;
				CLANG_WARN_DIRECT_OBJC_ISA_USAGE = YES_ERROR;
				CLANG_WARN_DOCUMENTATION_COMMENTS = YES;
				CLANG_WARN_EMPTY_BODY = YES;
				CLANG_WARN_ENUM_CONVERSION = YES;
				CLANG_WARN_INFINITE_RECURSION = YES;
				CLANG_WARN_INT_CONVERSION = YES;
				CLANG_WARN_NON_LITERAL_NULL_CONVERSION = YES;
				CLANG_WARN_OBJC_IMPLICIT_RETAIN_SELF = YES;
				CLANG_WARN_OBJC_LITERAL_CONVERSION = YES;
				CLANG_WARN_OBJC_ROOT_CLASS = YES_ERROR;
				CLANG_WARN_RANGE_LOOP_ANALYSIS = YES;
				CLANG_WARN_STRICT_PROTOTYPES = YES;
				CLANG_WARN_SUSPICIOUS_MOVE = YES;
				CLANG_WARN_UNGUARDED_AVAILABILITY = YES_AGGRESSIVE;
				CLANG_WARN_UNREACHABLE_CODE = YES;
				CLANG_WARN__DUPLICATE_METHOD_MATCH = YES;
				CODE_SIGN_IDENTITY = "iPhone Developer";
				COPY_PHASE_STRIP = NO;
				DEBUG_INFORMATION_FORMAT = "dwarf-with-dsym";
				ENABLE_NS_ASSERTIONS = NO;
				ENABLE_STRICT_OBJC_MSGSEND = YES;
				GCC_C_LANGUAGE_STANDARD = gnu11;
				GCC_NO_COMMON_BLOCKS = YES;
				GCC_WARN_64_TO_32_BIT_CONVERSION = YES;
				GCC_WARN_ABOUT_RETURN_TYPE = YES_ERROR;
				GCC_WARN_UNDECLARED_SELECTOR = YES;
				GCC_WARN_UNINITIALIZED_AUTOS = YES_AGGRESSIVE;
				GCC_WARN_UNUSED_FUNCTION = YES;
				GCC_WARN_UNUSED_VARIABLE = YES;
				IPHONEOS_DEPLOYMENT_TARGET = 12.1;
				MTL_ENABLE_DEBUG_INFO = NO;
				MTL_FAST_MATH = YES;
				SDKROOT = iphoneos;
				SWIFT_COMPILATION_MODE = wholemodule;
				SWIFT_OPTIMIZATION_LEVEL = "-O";
				VALIDATE_PRODUCT = YES;
			};
			name = Release;
		};
		6EF27EC9221CFDB700F34E72 /* Debug */ = {
			isa = XCBuildConfiguration;
			baseConfigurationReference = 75696AC7A4A8DC04C236DF93 /* Pods-NyamNyam.debug.xcconfig */;
			buildSettings = {
				ASSETCATALOG_COMPILER_APPICON_NAME = AppIcon;
				CODE_SIGN_IDENTITY = "iPhone Developer";
				CODE_SIGN_STYLE = Automatic;
				DEVELOPMENT_TEAM = JXRC2Y9BNB;
				INFOPLIST_FILE = "$(SRCROOT)/NyamNyam/Resources/Info.plist";
				LD_RUNPATH_SEARCH_PATHS = (
					"$(inherited)",
					"@executable_path/Frameworks",
				);
				PRODUCT_BUNDLE_IDENTIFIER = aranei.NyamNyam;
				PRODUCT_NAME = "$(TARGET_NAME)";
				PROVISIONING_PROFILE_SPECIFIER = "";
				SWIFT_VERSION = 5.0;
				TARGETED_DEVICE_FAMILY = "1,2";
			};
			name = Debug;
		};
		6EF27ECA221CFDB700F34E72 /* Release */ = {
			isa = XCBuildConfiguration;
			baseConfigurationReference = 5519B4ED7BD51126CE991404 /* Pods-NyamNyam.release.xcconfig */;
			buildSettings = {
				ASSETCATALOG_COMPILER_APPICON_NAME = AppIcon;
				CODE_SIGN_IDENTITY = "iPhone Developer";
				CODE_SIGN_STYLE = Automatic;
				DEVELOPMENT_TEAM = JXRC2Y9BNB;
				INFOPLIST_FILE = "$(SRCROOT)/NyamNyam/Resources/Info.plist";
				LD_RUNPATH_SEARCH_PATHS = (
					"$(inherited)",
					"@executable_path/Frameworks",
				);
				PRODUCT_BUNDLE_IDENTIFIER = aranei.NyamNyam;
				PRODUCT_NAME = "$(TARGET_NAME)";
				PROVISIONING_PROFILE_SPECIFIER = "";
				SWIFT_VERSION = 5.0;
				TARGETED_DEVICE_FAMILY = "1,2";
			};
			name = Release;
		};
/* End XCBuildConfiguration section */

/* Begin XCConfigurationList section */
		6EF27EB1221CFDB500F34E72 /* Build configuration list for PBXProject "NyamNyam" */ = {
			isa = XCConfigurationList;
			buildConfigurations = (
				6EF27EC6221CFDB700F34E72 /* Debug */,
				6EF27EC7221CFDB700F34E72 /* Release */,
			);
			defaultConfigurationIsVisible = 0;
			defaultConfigurationName = Release;
		};
		6EF27EC8221CFDB700F34E72 /* Build configuration list for PBXNativeTarget "NyamNyam" */ = {
			isa = XCConfigurationList;
			buildConfigurations = (
				6EF27EC9221CFDB700F34E72 /* Debug */,
				6EF27ECA221CFDB700F34E72 /* Release */,
			);
			defaultConfigurationIsVisible = 0;
			defaultConfigurationName = Release;
		};
/* End XCConfigurationList section */
	};
	rootObject = 6EF27EAE221CFDB500F34E72 /* Project object */;
}
