// !$*UTF8*$!
{
	archiveVersion = 1;
	classes = {
	};
	objectVersion = 50;
	objects = {

/* Begin PBXBuildFile section */
		5CD10089E11D1D2CEF720D69 /* Pods_NyamNyam.framework in Frameworks */ = {isa = PBXBuildFile; fileRef = 1E6D168C6661331565482B7B /* Pods_NyamNyam.framework */; };
		6EF27EBA221CFDB500F34E72 /* AppDelegate.swift in Sources */ = {isa = PBXBuildFile; fileRef = 6EF27EB9221CFDB500F34E72 /* AppDelegate.swift */; };
		6EF27EBF221CFDB600F34E72 /* Main.storyboard in Resources */ = {isa = PBXBuildFile; fileRef = 6EF27EBD221CFDB600F34E72 /* Main.storyboard */; };
		6EF27EC4221CFDB700F34E72 /* LaunchScreen.storyboard in Resources */ = {isa = PBXBuildFile; fileRef = 6EF27EC2221CFDB700F34E72 /* LaunchScreen.storyboard */; };
		B429F278222E3E26000033EC /* MenuVC.swift in Sources */ = {isa = PBXBuildFile; fileRef = B429F277222E3E26000033EC /* MenuVC.swift */; };
		B429F27C222E665C000033EC /* MenuCell.swift in Sources */ = {isa = PBXBuildFile; fileRef = B429F27B222E665C000033EC /* MenuCell.swift */; };
		B44B1E1D222659A600C39B86 /* GalleryCell.swift in Sources */ = {isa = PBXBuildFile; fileRef = B44B1E1B222659A600C39B86 /* GalleryCell.swift */; };
		B454DA7F222BEC4500057001 /* LogoVC.swift in Sources */ = {isa = PBXBuildFile; fileRef = B454DA7E222BEC4500057001 /* LogoVC.swift */; };
		B45F8B27222A5D7F006D3D0C /* GalleryImageVC.swift in Sources */ = {isa = PBXBuildFile; fileRef = B45F8B26222A5D7F006D3D0C /* GalleryImageVC.swift */; };
		B45F8B67222A9F02006D3D0C /* CircularTransition .swift in Sources */ = {isa = PBXBuildFile; fileRef = B45F8B66222A9F02006D3D0C /* CircularTransition .swift */; };
		B46C5444221EB62600598CD8 /* Default-568h@2x.png in Resources */ = {isa = PBXBuildFile; fileRef = B46C5443221EB62600598CD8 /* Default-568h@2x.png */; };
		B4988AFB221D372D00DF0178 /* GoogleService-Info.plist in Resources */ = {isa = PBXBuildFile; fileRef = B4988AFA221D372D00DF0178 /* GoogleService-Info.plist */; };
		B4A0CCCA22267294000028A2 /* LoginVC.swift in Sources */ = {isa = PBXBuildFile; fileRef = B4A0CCC922267294000028A2 /* LoginVC.swift */; };
		B4BD366822299F9F00AF6BB4 /* GalleryVC.swift in Sources */ = {isa = PBXBuildFile; fileRef = B4BD366722299F9F00AF6BB4 /* GalleryVC.swift */; };
		B4ED859722225C3C00BA764E /* Assets.xcassets in Resources */ = {isa = PBXBuildFile; fileRef = B4ED859622225C3C00BA764E /* Assets.xcassets */; };
/* End PBXBuildFile section */

/* Begin PBXFileReference section */
		1E6D168C6661331565482B7B /* Pods_NyamNyam.framework */ = {isa = PBXFileReference; explicitFileType = wrapper.framework; includeInIndex = 0; path = Pods_NyamNyam.framework; sourceTree = BUILT_PRODUCTS_DIR; };
		5519B4ED7BD51126CE991404 /* Pods-NyamNyam.release.xcconfig */ = {isa = PBXFileReference; includeInIndex = 1; lastKnownFileType = text.xcconfig; name = "Pods-NyamNyam.release.xcconfig"; path = "Target Support Files/Pods-NyamNyam/Pods-NyamNyam.release.xcconfig"; sourceTree = "<group>"; };
		6EF27EB6221CFDB500F34E72 /* NyamNyam.app */ = {isa = PBXFileReference; explicitFileType = wrapper.application; includeInIndex = 0; path = NyamNyam.app; sourceTree = BUILT_PRODUCTS_DIR; };
		6EF27EB9221CFDB500F34E72 /* AppDelegate.swift */ = {isa = PBXFileReference; lastKnownFileType = sourcecode.swift; path = AppDelegate.swift; sourceTree = "<group>"; };
		6EF27EBE221CFDB600F34E72 /* Base */ = {isa = PBXFileReference; lastKnownFileType = file.storyboard; name = Base; path = Base.lproj/Main.storyboard; sourceTree = "<group>"; };
		6EF27EC3221CFDB700F34E72 /* Base */ = {isa = PBXFileReference; lastKnownFileType = file.storyboard; name = Base; path = Base.lproj/LaunchScreen.storyboard; sourceTree = "<group>"; };
		6EF27EC5221CFDB700F34E72 /* Info.plist */ = {isa = PBXFileReference; lastKnownFileType = text.plist.xml; path = Info.plist; sourceTree = "<group>"; };
		75696AC7A4A8DC04C236DF93 /* Pods-NyamNyam.debug.xcconfig */ = {isa = PBXFileReference; includeInIndex = 1; lastKnownFileType = text.xcconfig; name = "Pods-NyamNyam.debug.xcconfig"; path = "Target Support Files/Pods-NyamNyam/Pods-NyamNyam.debug.xcconfig"; sourceTree = "<group>"; };
		B429F277222E3E26000033EC /* MenuVC.swift */ = {isa = PBXFileReference; lastKnownFileType = sourcecode.swift; path = MenuVC.swift; sourceTree = "<group>"; };
		B429F27B222E665C000033EC /* MenuCell.swift */ = {isa = PBXFileReference; lastKnownFileType = sourcecode.swift; path = MenuCell.swift; sourceTree = "<group>"; };
		B44B1E1B222659A600C39B86 /* GalleryCell.swift */ = {isa = PBXFileReference; lastKnownFileType = sourcecode.swift; path = GalleryCell.swift; sourceTree = "<group>"; };
		B454DA7E222BEC4500057001 /* LogoVC.swift */ = {isa = PBXFileReference; lastKnownFileType = sourcecode.swift; path = LogoVC.swift; sourceTree = "<group>"; };
		B45F8B26222A5D7F006D3D0C /* GalleryImageVC.swift */ = {isa = PBXFileReference; lastKnownFileType = sourcecode.swift; path = GalleryImageVC.swift; sourceTree = "<group>"; };
		B45F8B66222A9F02006D3D0C /* CircularTransition .swift */ = {isa = PBXFileReference; lastKnownFileType = sourcecode.swift; path = "CircularTransition .swift"; sourceTree = "<group>"; };
		B46C5443221EB62600598CD8 /* Default-568h@2x.png */ = {isa = PBXFileReference; lastKnownFileType = image.png; path = "Default-568h@2x.png"; sourceTree = "<group>"; };
		B4988AFA221D372D00DF0178 /* GoogleService-Info.plist */ = {isa = PBXFileReference; fileEncoding = 4; lastKnownFileType = text.plist.xml; path = "GoogleService-Info.plist"; sourceTree = "<group>"; };
		B4A0CCC922267294000028A2 /* LoginVC.swift */ = {isa = PBXFileReference; lastKnownFileType = sourcecode.swift; path = LoginVC.swift; sourceTree = "<group>"; };
		B4BD366722299F9F00AF6BB4 /* GalleryVC.swift */ = {isa = PBXFileReference; lastKnownFileType = sourcecode.swift; path = GalleryVC.swift; sourceTree = "<group>"; };
		B4ED859622225C3C00BA764E /* Assets.xcassets */ = {isa = PBXFileReference; lastKnownFileType = folder.assetcatalog; path = Assets.xcassets; sourceTree = "<group>"; };
/* End PBXFileReference section */

/* Begin PBXFrameworksBuildPhase section */
		6EF27EB3221CFDB500F34E72 /* Frameworks */ = {
			isa = PBXFrameworksBuildPhase;
			buildActionMask = 2147483647;
			files = (
				5CD10089E11D1D2CEF720D69 /* Pods_NyamNyam.framework in Frameworks */,
			);
			runOnlyForDeploymentPostprocessing = 0;
		};
/* End PBXFrameworksBuildPhase section */

/* Begin PBXGroup section */
		64A4233A1A7BA2EC7A2B5C78 /* Frameworks */ = {
			isa = PBXGroup;
			children = (
				1E6D168C6661331565482B7B /* Pods_NyamNyam.framework */,
			);
			name = Frameworks;
			sourceTree = "<group>";
		};
		6EF27EAD221CFDB500F34E72 = {
			isa = PBXGroup;
			children = (
				B46C5443221EB62600598CD8 /* Default-568h@2x.png */,
				6EF27EB8221CFDB500F34E72 /* NyamNyam */,
				6EF27EB7221CFDB500F34E72 /* Products */,
				C3B792F61998E127E9CCC88E /* Pods */,
				64A4233A1A7BA2EC7A2B5C78 /* Frameworks */,
			);
			sourceTree = "<group>";
		};
		6EF27EB7221CFDB500F34E72 /* Products */ = {
			isa = PBXGroup;
			children = (
				6EF27EB6221CFDB500F34E72 /* NyamNyam.app */,
			);
			name = Products;
			sourceTree = "<group>";
		};
		6EF27EB8221CFDB500F34E72 /* NyamNyam */ = {
			isa = PBXGroup;
			children = (
				B4988AFC221D38B900DF0178 /* Model */,
				B4988AFD221D38C600DF0178 /* View */,
				B4988AFE221D38D000DF0178 /* ViewModel */,
				6EF27EB9221CFDB500F34E72 /* AppDelegate.swift */,
				B4988AFF221D38FB00DF0178 /* Resources */,
			);
			path = NyamNyam;
			sourceTree = "<group>";
		};
		B44B1E152226585800C39B86 /* Controller */ = {
			isa = PBXGroup;
			children = (
				B4A0CCC922267294000028A2 /* LoginVC.swift */,
				B4BD366722299F9F00AF6BB4 /* GalleryVC.swift */,
				B45F8B26222A5D7F006D3D0C /* GalleryImageVC.swift */,
				B454DA7E222BEC4500057001 /* LogoVC.swift */,
				B429F277222E3E26000033EC /* MenuVC.swift */,
			);
			path = Controller;
			sourceTree = "<group>";
		};
		B44B1E192226597D00C39B86 /* Cell */ = {
			isa = PBXGroup;
			children = (
				B44B1E1A2226598600C39B86 /* GalleryCell */,
			);
			path = Cell;
			sourceTree = "<group>";
		};
		B44B1E1A2226598600C39B86 /* GalleryCell */ = {
			isa = PBXGroup;
			children = (
				B44B1E1B222659A600C39B86 /* GalleryCell.swift */,
				B429F27B222E665C000033EC /* MenuCell.swift */,
			);
			path = GalleryCell;
			sourceTree = "<group>";
		};
		B45F8B65222A9EE5006D3D0C /* Animations */ = {
			isa = PBXGroup;
			children = (
				B45F8B66222A9F02006D3D0C /* CircularTransition .swift */,
			);
			path = Animations;
			sourceTree = "<group>";
		};
		B4988AFC221D38B900DF0178 /* Model */ = {
			isa = PBXGroup;
			children = (
			);
			path = Model;
			sourceTree = "<group>";
		};
		B4988AFD221D38C600DF0178 /* View */ = {
			isa = PBXGroup;
			children = (
				B45F8B65222A9EE5006D3D0C /* Animations */,
				B44B1E192226597D00C39B86 /* Cell */,
				B44B1E152226585800C39B86 /* Controller */,
				6EF27EBD221CFDB600F34E72 /* Main.storyboard */,
			);
			path = View;
			sourceTree = "<group>";
		};
		B4988AFE221D38D000DF0178 /* ViewModel */ = {
			isa = PBXGroup;
			children = (
			);
			path = ViewModel;
			sourceTree = "<group>";
		};
		B4988AFF221D38FB00DF0178 /* Resources */ = {
			isa = PBXGroup;
			children = (
				B4ED859622225C3C00BA764E /* Assets.xcassets */,
				6EF27EC2221CFDB700F34E72 /* LaunchScreen.storyboard */,
				6EF27EC5221CFDB700F34E72 /* Info.plist */,
				B4988AFA221D372D00DF0178 /* GoogleService-Info.plist */,
			);
			path = Resources;
			sourceTree = "<group>";
		};
		C3B792F61998E127E9CCC88E /* Pods */ = {
			isa = PBXGroup;
			children = (
				75696AC7A4A8DC04C236DF93 /* Pods-NyamNyam.debug.xcconfig */,
				5519B4ED7BD51126CE991404 /* Pods-NyamNyam.release.xcconfig */,
			);
			path = Pods;
			sourceTree = "<group>";
		};
/* End PBXGroup section */

/* Begin PBXNativeTarget section */
		6EF27EB5221CFDB500F34E72 /* NyamNyam */ = {
			isa = PBXNativeTarget;
			buildConfigurationList = 6EF27EC8221CFDB700F34E72 /* Build configuration list for PBXNativeTarget "NyamNyam" */;
			buildPhases = (
				DD652C745B0E7C51DB3B5DE3 /* [CP] Check Pods Manifest.lock */,
				6EF27EB2221CFDB500F34E72 /* Sources */,
				6EF27EB3221CFDB500F34E72 /* Frameworks */,
				6EF27EB4221CFDB500F34E72 /* Resources */,
			);
			buildRules = (
			);
			dependencies = (
			);
			name = NyamNyam;
			productName = NyamNyam;
			productReference = 6EF27EB6221CFDB500F34E72 /* NyamNyam.app */;
			productType = "com.apple.product-type.application";
		};
/* End PBXNativeTarget section */

/* Begin PBXProject section */
		6EF27EAE221CFDB500F34E72 /* Project object */ = {
			isa = PBXProject;
			attributes = {
				LastSwiftUpdateCheck = 1010;
				LastUpgradeCheck = 1010;
				ORGANIZATIONNAME = "Atay Sultangaziev";
				TargetAttributes = {
					6EF27EB5221CFDB500F34E72 = {
						CreatedOnToolsVersion = 10.1;
					};
				};
			};
			buildConfigurationList = 6EF27EB1221CFDB500F34E72 /* Build configuration list for PBXProject "NyamNyam" */;
			compatibilityVersion = "Xcode 9.3";
			developmentRegion = en;
			hasScannedForEncodings = 0;
			knownRegions = (
				en,
				Base,
			);
			mainGroup = 6EF27EAD221CFDB500F34E72;
			productRefGroup = 6EF27EB7221CFDB500F34E72 /* Products */;
			projectDirPath = "";
			projectRoot = "";
			targets = (
				6EF27EB5221CFDB500F34E72 /* NyamNyam */,
			);
		};
/* End PBXProject section */

/* Begin PBXResourcesBuildPhase section */
		6EF27EB4221CFDB500F34E72 /* Resources */ = {
			isa = PBXResourcesBuildPhase;
			buildActionMask = 2147483647;
			files = (
				6EF27EC4221CFDB700F34E72 /* LaunchScreen.storyboard in Resources */,
				B4988AFB221D372D00DF0178 /* GoogleService-Info.plist in Resources */,
				B46C5444221EB62600598CD8 /* Default-568h@2x.png in Resources */,
				B4ED859722225C3C00BA764E /* Assets.xcassets in Resources */,
				6EF27EBF221CFDB600F34E72 /* Main.storyboard in Resources */,
			);
			runOnlyForDeploymentPostprocessing = 0;
		};
/* End PBXResourcesBuildPhase section */

/* Begin PBXShellScriptBuildPhase section */
		DD652C745B0E7C51DB3B5DE3 /* [CP] Check Pods Manifest.lock */ = {
			isa = PBXShellScriptBuildPhase;
			buildActionMask = 2147483647;
			files = (
			);
			inputFileListPaths = (
			);
			inputPaths = (
				"${PODS_PODFILE_DIR_PATH}/Podfile.lock",
				"${PODS_ROOT}/Manifest.lock",
			);
			name = "[CP] Check Pods Manifest.lock";
			outputFileListPaths = (
			);
			outputPaths = (
				"$(DERIVED_FILE_DIR)/Pods-NyamNyam-checkManifestLockResult.txt",
			);
			runOnlyForDeploymentPostprocessing = 0;
			shellPath = /bin/sh;
			shellScript = "diff \"${PODS_PODFILE_DIR_PATH}/Podfile.lock\" \"${PODS_ROOT}/Manifest.lock\" > /dev/null\nif [ $? != 0 ] ; then\n    # print error to STDERR\n    echo \"error: The sandbox is not in sync with the Podfile.lock. Run 'pod install' or update your CocoaPods installation.\" >&2\n    exit 1\nfi\n# This output is used by Xcode 'outputs' to avoid re-running this script phase.\necho \"SUCCESS\" > \"${SCRIPT_OUTPUT_FILE_0}\"\n";
			showEnvVarsInLog = 0;
		};
/* End PBXShellScriptBuildPhase section */

/* Begin PBXSourcesBuildPhase section */
		6EF27EB2221CFDB500F34E72 /* Sources */ = {
			isa = PBXSourcesBuildPhase;
			buildActionMask = 2147483647;
			files = (
				B44B1E1D222659A600C39B86 /* GalleryCell.swift in Sources */,
				B454DA7F222BEC4500057001 /* LogoVC.swift in Sources */,
				B429F27C222E665C000033EC /* MenuCell.swift in Sources */,
				B45F8B27222A5D7F006D3D0C /* GalleryImageVC.swift in Sources */,
				B45F8B67222A9F02006D3D0C /* CircularTransition .swift in Sources */,
				B4BD366822299F9F00AF6BB4 /* GalleryVC.swift in Sources */,
				6EF27EBA221CFDB500F34E72 /* AppDelegate.swift in Sources */,
				B429F278222E3E26000033EC /* MenuVC.swift in Sources */,
				B4A0CCCA22267294000028A2 /* LoginVC.swift in Sources */,
			);
			runOnlyForDeploymentPostprocessing = 0;
		};
/* End PBXSourcesBuildPhase section */

/* Begin PBXVariantGroup section */
		6EF27EBD221CFDB600F34E72 /* Main.storyboard */ = {
			isa = PBXVariantGroup;
			children = (
				6EF27EBE221CFDB600F34E72 /* Base */,
			);
			name = Main.storyboard;
			sourceTree = "<group>";
		};
		6EF27EC2221CFDB700F34E72 /* LaunchScreen.storyboard */ = {
			isa = PBXVariantGroup;
			children = (
				6EF27EC3221CFDB700F34E72 /* Base */,
			);
			name = LaunchScreen.storyboard;
			sourceTree = "<group>";
		};
/* End PBXVariantGroup section */

/* Begin XCBuildConfiguration section */
		6EF27EC6221CFDB700F34E72 /* Debug */ = {
			isa = XCBuildConfiguration;
			buildSettings = {
				ALWAYS_SEARCH_USER_PATHS = NO;
				CLANG_ANALYZER_NONNULL = YES;
				CLANG_ANALYZER_NUMBER_OBJECT_CONVERSION = YES_AGGRESSIVE;
				CLANG_CXX_LANGUAGE_STANDARD = "gnu++14";
				CLANG_CXX_LIBRARY = "libc++";
				CLANG_ENABLE_MODULES = YES;
				CLANG_ENABLE_OBJC_ARC = YES;
				CLANG_ENABLE_OBJC_WEAK = YES;
				CLANG_WARN_BLOCK_CAPTURE_AUTORELEASING = YES;
				CLANG_WARN_BOOL_CONVERSION = YES;
				CLANG_WARN_COMMA = YES;
				CLANG_WARN_CONSTANT_CONVERSION = YES;
				CLANG_WARN_DEPRECATED_OBJC_IMPLEMENTATIONS = YES;
				CLANG_WARN_DIRECT_OBJC_ISA_USAGE = YES_ERROR;
				CLANG_WARN_DOCUMENTATION_COMMENTS = YES;
				CLANG_WARN_EMPTY_BODY = YES;
				CLANG_WARN_ENUM_CONVERSION = YES;
				CLANG_WARN_INFINITE_RECURSION = YES;
				CLANG_WARN_INT_CONVERSION = YES;
				CLANG_WARN_NON_LITERAL_NULL_CONVERSION = YES;
				CLANG_WARN_OBJC_IMPLICIT_RETAIN_SELF = YES;
				CLANG_WARN_OBJC_LITERAL_CONVERSION = YES;
				CLANG_WARN_OBJC_ROOT_CLASS = YES_ERROR;
				CLANG_WARN_RANGE_LOOP_ANALYSIS = YES;
				CLANG_WARN_STRICT_PROTOTYPES = YES;
				CLANG_WARN_SUSPICIOUS_MOVE = YES;
				CLANG_WARN_UNGUARDED_AVAILABILITY = YES_AGGRESSIVE;
				CLANG_WARN_UNREACHABLE_CODE = YES;
				CLANG_WARN__DUPLICATE_METHOD_MATCH = YES;
				CODE_SIGN_IDENTITY = "iPhone Developer";
				COPY_PHASE_STRIP = NO;
				DEBUG_INFORMATION_FORMAT = dwarf;
				ENABLE_STRICT_OBJC_MSGSEND = YES;
				ENABLE_TESTABILITY = YES;
				GCC_C_LANGUAGE_STANDARD = gnu11;
				GCC_DYNAMIC_NO_PIC = NO;
				GCC_NO_COMMON_BLOCKS = YES;
				GCC_OPTIMIZATION_LEVEL = 0;
				GCC_PREPROCESSOR_DEFINITIONS = (
					"DEBUG=1",
					"$(inherited)",
				);
				GCC_WARN_64_TO_32_BIT_CONVERSION = YES;
				GCC_WARN_ABOUT_RETURN_TYPE = YES_ERROR;
				GCC_WARN_UNDECLARED_SELECTOR = YES;
				GCC_WARN_UNINITIALIZED_AUTOS = YES_AGGRESSIVE;
				GCC_WARN_UNUSED_FUNCTION = YES;
				GCC_WARN_UNUSED_VARIABLE = YES;
				IPHONEOS_DEPLOYMENT_TARGET = 12.1;
				MTL_ENABLE_DEBUG_INFO = INCLUDE_SOURCE;
				MTL_FAST_MATH = YES;
				ONLY_ACTIVE_ARCH = YES;
				SDKROOT = iphoneos;
				SWIFT_ACTIVE_COMPILATION_CONDITIONS = DEBUG;
				SWIFT_OPTIMIZATION_LEVEL = "-Onone";
			};
			name = Debug;
		};
		6EF27EC7221CFDB700F34E72 /* Release */ = {
			isa = XCBuildConfiguration;
			buildSettings = {
				ALWAYS_SEARCH_USER_PATHS = NO;
				CLANG_ANALYZER_NONNULL = YES;
				CLANG_ANALYZER_NUMBER_OBJECT_CONVERSION = YES_AGGRESSIVE;
				CLANG_CXX_LANGUAGE_STANDARD = "gnu++14";
				CLANG_CXX_LIBRARY = "libc++";
				CLANG_ENABLE_MODULES = YES;
				CLANG_ENABLE_OBJC_ARC = YES;
				CLANG_ENABLE_OBJC_WEAK = YES;
				CLANG_WARN_BLOCK_CAPTURE_AUTORELEASING = YES;
				CLANG_WARN_BOOL_CONVERSION = YES;
				CLANG_WARN_COMMA = YES;
				CLANG_WARN_CONSTANT_CONVERSION = YES;
				CLANG_WARN_DEPRECATED_OBJC_IMPLEMENTATIONS = YES;
				CLANG_WARN_DIRECT_OBJC_ISA_USAGE = YES_ERROR;
				CLANG_WARN_DOCUMENTATION_COMMENTS = YES;
				CLANG_WARN_EMPTY_BODY = YES;
				CLANG_WARN_ENUM_CONVERSION = YES;
				CLANG_WARN_INFINITE_RECURSION = YES;
				CLANG_WARN_INT_CONVERSION = YES;
				CLANG_WARN_NON_LITERAL_NULL_CONVERSION = YES;
				CLANG_WARN_OBJC_IMPLICIT_RETAIN_SELF = YES;
				CLANG_WARN_OBJC_LITERAL_CONVERSION = YES;
				CLANG_WARN_OBJC_ROOT_CLASS = YES_ERROR;
				CLANG_WARN_RANGE_LOOP_ANALYSIS = YES;
				CLANG_WARN_STRICT_PROTOTYPES = YES;
				CLANG_WARN_SUSPICIOUS_MOVE = YES;
				CLANG_WARN_UNGUARDED_AVAILABILITY = YES_AGGRESSIVE;
				CLANG_WARN_UNREACHABLE_CODE = YES;
				CLANG_WARN__DUPLICATE_METHOD_MATCH = YES;
				CODE_SIGN_IDENTITY = "iPhone Developer";
				COPY_PHASE_STRIP = NO;
				DEBUG_INFORMATION_FORMAT = "dwarf-with-dsym";
				ENABLE_NS_ASSERTIONS = NO;
				ENABLE_STRICT_OBJC_MSGSEND = YES;
				GCC_C_LANGUAGE_STANDARD = gnu11;
				GCC_NO_COMMON_BLOCKS = YES;
				GCC_WARN_64_TO_32_BIT_CONVERSION = YES;
				GCC_WARN_ABOUT_RETURN_TYPE = YES_ERROR;
				GCC_WARN_UNDECLARED_SELECTOR = YES;
				GCC_WARN_UNINITIALIZED_AUTOS = YES_AGGRESSIVE;
				GCC_WARN_UNUSED_FUNCTION = YES;
				GCC_WARN_UNUSED_VARIABLE = YES;
				IPHONEOS_DEPLOYMENT_TARGET = 12.1;
				MTL_ENABLE_DEBUG_INFO = NO;
				MTL_FAST_MATH = YES;
				SDKROOT = iphoneos;
				SWIFT_COMPILATION_MODE = wholemodule;
				SWIFT_OPTIMIZATION_LEVEL = "-O";
				VALIDATE_PRODUCT = YES;
			};
			name = Release;
		};
		6EF27EC9221CFDB700F34E72 /* Debug */ = {
			isa = XCBuildConfiguration;
			baseConfigurationReference = 75696AC7A4A8DC04C236DF93 /* Pods-NyamNyam.debug.xcconfig */;
			buildSettings = {
				ASSETCATALOG_COMPILER_APPICON_NAME = AppIcon;
				CODE_SIGN_IDENTITY = "iPhone Developer";
				CODE_SIGN_STYLE = Automatic;
				DEVELOPMENT_TEAM = JXRC2Y9BNB;
				INFOPLIST_FILE = "$(SRCROOT)/NyamNyam/Resources/Info.plist";
				LD_RUNPATH_SEARCH_PATHS = (
					"$(inherited)",
					"@executable_path/Frameworks",
				);
				PRODUCT_BUNDLE_IDENTIFIER = aranei.NyamNyam;
				PRODUCT_NAME = "$(TARGET_NAME)";
				PROVISIONING_PROFILE_SPECIFIER = "";
				SWIFT_VERSION = 4.2;
				TARGETED_DEVICE_FAMILY = "1,2";
			};
			name = Debug;
		};
		6EF27ECA221CFDB700F34E72 /* Release */ = {
			isa = XCBuildConfiguration;
			baseConfigurationReference = 5519B4ED7BD51126CE991404 /* Pods-NyamNyam.release.xcconfig */;
			buildSettings = {
				ASSETCATALOG_COMPILER_APPICON_NAME = AppIcon;
				CODE_SIGN_IDENTITY = "iPhone Developer";
				CODE_SIGN_STYLE = Automatic;
				DEVELOPMENT_TEAM = JXRC2Y9BNB;
				INFOPLIST_FILE = "$(SRCROOT)/NyamNyam/Resources/Info.plist";
				LD_RUNPATH_SEARCH_PATHS = (
					"$(inherited)",
					"@executable_path/Frameworks",
				);
				PRODUCT_BUNDLE_IDENTIFIER = aranei.NyamNyam;
				PRODUCT_NAME = "$(TARGET_NAME)";
				PROVISIONING_PROFILE_SPECIFIER = "";
				SWIFT_VERSION = 4.2;
				TARGETED_DEVICE_FAMILY = "1,2";
			};
			name = Release;
		};
/* End XCBuildConfiguration section */

/* Begin XCConfigurationList section */
		6EF27EB1221CFDB500F34E72 /* Build configuration list for PBXProject "NyamNyam" */ = {
			isa = XCConfigurationList;
			buildConfigurations = (
				6EF27EC6221CFDB700F34E72 /* Debug */,
				6EF27EC7221CFDB700F34E72 /* Release */,
			);
			defaultConfigurationIsVisible = 0;
			defaultConfigurationName = Release;
		};
		6EF27EC8221CFDB700F34E72 /* Build configuration list for PBXNativeTarget "NyamNyam" */ = {
			isa = XCConfigurationList;
			buildConfigurations = (
				6EF27EC9221CFDB700F34E72 /* Debug */,
				6EF27ECA221CFDB700F34E72 /* Release */,
			);
			defaultConfigurationIsVisible = 0;
			defaultConfigurationName = Release;
		};
/* End XCConfigurationList section */
	};
	rootObject = 6EF27EAE221CFDB500F34E72 /* Project object */;
}
